
Microsoft Visual Studio Solution File, Format Version 12.00
# Visual Studio 15
VisualStudioVersion = 15.0.27130.2027
MinimumVisualStudioVersion = 10.0.40219.1
Project("{FAE04EC0-301F-11D3-BF4B-00C04F79EFBC}") = "CompilerUtilities.Notifications", "CompilerUtilities.Notifications\CompilerUtilities.Notifications.csproj", "{9E9074BE-FE06-4F7C-B2AD-C286FE3FCFA1}"
EndProject
Project("{FAE04EC0-301F-11D3-BF4B-00C04F79EFBC}") = "CompilerUtilities.BaseTypes", "CompilerUtilities.BaseTypes\CompilerUtilities.BaseTypes.csproj", "{FFB904E8-EA39-4C13-BACB-426770D347FF}"
EndProject
Project("{FAE04EC0-301F-11D3-BF4B-00C04F79EFBC}") = "CompilerUtilities.ExtendedOperations", "CompilerUtilities.ExtendedOperations\CompilerUtilities.ExtendedOperations.csproj", "{54E8FDDE-B6EF-4033-AC13-3EA332FB28A4}"
EndProject
Project("{FAE04EC0-301F-11D3-BF4B-00C04F79EFBC}") = "CompilerUtilities.PluginContract", "CompilerUtilities.PluginContract\CompilerUtilities.PluginContract.csproj", "{7EFA9347-8592-41C5-A8B3-C4509B1F0867}"
EndProject
Project("{FAE04EC0-301F-11D3-BF4B-00C04F79EFBC}") = "CompilerUtilities.PluginImporter", "CompilerUtilities.PluginImporter\CompilerUtilities.PluginImporter.csproj", "{E4BFC0E9-850A-4454-B602-3EFD257E1FBD}"
EndProject
Global
	GlobalSection(SolutionConfigurationPlatforms) = preSolution
		Debug|Any CPU = Debug|Any CPU
		Release|Any CPU = Release|Any CPU
	EndGlobalSection
	GlobalSection(ProjectConfigurationPlatforms) = postSolution
		{9E9074BE-FE06-4F7C-B2AD-C286FE3FCFA1}.Debug|Any CPU.ActiveCfg = Debug|Any CPU
		{9E9074BE-FE06-4F7C-B2AD-C286FE3FCFA1}.Debug|Any CPU.Build.0 = Debug|Any CPU
		{9E9074BE-FE06-4F7C-B2AD-C286FE3FCFA1}.Release|Any CPU.ActiveCfg = Release|Any CPU
		{9E9074BE-FE06-4F7C-B2AD-C286FE3FCFA1}.Release|Any CPU.Build.0 = Release|Any CPU
		{FFB904E8-EA39-4C13-BACB-426770D347FF}.Debug|Any CPU.ActiveCfg = Debug|Any CPU
		{FFB904E8-EA39-4C13-BACB-426770D347FF}.Debug|Any CPU.Build.0 = Debug|Any CPU
		{FFB904E8-EA39-4C13-BACB-426770D347FF}.Release|Any CPU.ActiveCfg = Release|Any CPU
		{FFB904E8-EA39-4C13-BACB-426770D347FF}.Release|Any CPU.Build.0 = Release|Any CPU
		{54E8FDDE-B6EF-4033-AC13-3EA332FB28A4}.Debug|Any CPU.ActiveCfg = Debug|Any CPU
		{54E8FDDE-B6EF-4033-AC13-3EA332FB28A4}.Debug|Any CPU.Build.0 = Debug|Any CPU
		{54E8FDDE-B6EF-4033-AC13-3EA332FB28A4}.Release|Any CPU.ActiveCfg = Release|Any CPU
		{54E8FDDE-B6EF-4033-AC13-3EA332FB28A4}.Release|Any CPU.Build.0 = Release|Any CPU
		{7EFA9347-8592-41C5-A8B3-C4509B1F0867}.Debug|Any CPU.ActiveCfg = Debug|Any CPU
		{7EFA9347-8592-41C5-A8B3-C4509B1F0867}.Debug|Any CPU.Build.0 = Debug|Any CPU
		{7EFA9347-8592-41C5-A8B3-C4509B1F0867}.Release|Any CPU.ActiveCfg = Release|Any CPU
		{7EFA9347-8592-41C5-A8B3-C4509B1F0867}.Release|Any CPU.Build.0 = Release|Any CPU
		{E4BFC0E9-850A-4454-B602-3EFD257E1FBD}.Debug|Any CPU.ActiveCfg = Debug|Any CPU
		{E4BFC0E9-850A-4454-B602-3EFD257E1FBD}.Debug|Any CPU.Build.0 = Debug|Any CPU
		{E4BFC0E9-850A-4454-B602-3EFD257E1FBD}.Release|Any CPU.ActiveCfg = Release|Any CPU
		{E4BFC0E9-850A-4454-B602-3EFD257E1FBD}.Release|Any CPU.Build.0 = Release|Any CPU
	EndGlobalSection
	GlobalSection(SolutionProperties) = preSolution
		HideSolutionNode = FALSE
	EndGlobalSection
	GlobalSection(ExtensibilityGlobals) = postSolution
		SolutionGuid = {BC26567B-67E5-423B-9CFB-E7790BD40A39}
	EndGlobalSection
EndGlobal
