
Microsoft Visual Studio Solution File, Format Version 12.00
# Visual Studio 15
VisualStudioVersion = 15.0.27130.2027
MinimumVisualStudioVersion = 10.0.40219.1
Project("{FAE04EC0-301F-11D3-BF4B-00C04F79EFBC}") = "CompilerUtilities.Notifications", "CompilerUtilities.Notifications\CompilerUtilities.Notifications.csproj", "{9E9074BE-FE06-4F7C-B2AD-C286FE3FCFA1}"
EndProject
Project("{FAE04EC0-301F-11D3-BF4B-00C04F79EFBC}") = "CompilerUtilities.BaseTypes", "CompilerUtilities.BaseTypes\CompilerUtilities.BaseTypes.csproj", "{FFB904E8-EA39-4C13-BACB-426770D347FF}"
EndProject
Project("{FAE04EC0-301F-11D3-BF4B-00C04F79EFBC}") = "CompilerUtilities.ExtendedOperations", "CompilerUtilities.ExtendedOperations\CompilerUtilities.ExtendedOperations.csproj", "{54E8FDDE-B6EF-4033-AC13-3EA332FB28A4}"
EndProject
Project("{FAE04EC0-301F-11D3-BF4B-00C04F79EFBC}") = "CompilerUtilities.Plugins", "CompilerUtilities.Plugins\CompilerUtilities.Plugins.csproj", "{517BD50A-6FF3-4913-87AC-4A6D9B5EDACE}"
EndProject
Project("{FAE04EC0-301F-11D3-BF4B-00C04F79EFBC}") = "CompilerUtilities.BaseTypes.Interfaces", "CompilerUtilities.BaseTypes.Interfaces\CompilerUtilities.BaseTypes.Interfaces.csproj", "{38EAA0C3-8B8E-41B3-AFAD-F36E170FE9FA}"
EndProject
Project("{FAE04EC0-301F-11D3-BF4B-00C04F79EFBC}") = "CompilerUtilities.Plugins.Manager", "CompilerUtilities.Plugins.Manager\CompilerUtilities.Plugins.Manager.csproj", "{A5895BBA-AD6F-41AA-8F05-A17B305C7116}"
EndProject
Project("{FAE04EC0-301F-11D3-BF4B-00C04F79EFBC}") = "ExampleConsoleApp", "ExampleConsoleApp\ExampleConsoleApp.csproj", "{68EB6A98-BFF2-4F02-8C9E-E9A0C45D6061}"
EndProject
Project("{FAE04EC0-301F-11D3-BF4B-00C04F79EFBC}") = "ExampleStages", "ExampleStages\ExampleStages.csproj", "{4D47CECA-CA9B-48B4-A74B-50360BA84A42}"
EndProject
Project("{FAE04EC0-301F-11D3-BF4B-00C04F79EFBC}") = "CompilerUtilities.Preprocessor", "CompilerUtilities.Preprocessor\CompilerUtilities.Preprocessor.csproj", "{5D834753-BFF4-4EFC-BBCB-67100F51FAEF}"
EndProject
Project("{FAE04EC0-301F-11D3-BF4B-00C04F79EFBC}") = "CompilerUtilities.PluginContract", "CompilerUtilities.PluginContract\CompilerUtilities.PluginContract.csproj", "{7EFA9347-8592-41C5-A8B3-C4509B1F0867}"
EndProject
Project("{FAE04EC0-301F-11D3-BF4B-00C04F79EFBC}") = "CompilerUtilities.PluginImporter", "CompilerUtilities.PluginImporter\CompilerUtilities.PluginImporter.csproj", "{E4BFC0E9-850A-4454-B602-3EFD257E1FBD}"
EndProject
Project("{FAE04EC0-301F-11D3-BF4B-00C04F79EFBC}") = "CompilerUtilities.Exceptions", "CompilerUtilities.Exceptions\CompilerUtilities.Exceptions.csproj", "{2301F0D4-BABE-4D47-8375-E1EC9BDD13A5}"
EndProject
Global
	GlobalSection(SolutionConfigurationPlatforms) = preSolution
		Debug|Any CPU = Debug|Any CPU
		Release|Any CPU = Release|Any CPU
	EndGlobalSection
	GlobalSection(ProjectConfigurationPlatforms) = postSolution
		{9E9074BE-FE06-4F7C-B2AD-C286FE3FCFA1}.Debug|Any CPU.ActiveCfg = Debug|Any CPU
		{9E9074BE-FE06-4F7C-B2AD-C286FE3FCFA1}.Debug|Any CPU.Build.0 = Debug|Any CPU
		{9E9074BE-FE06-4F7C-B2AD-C286FE3FCFA1}.Release|Any CPU.ActiveCfg = Release|Any CPU
		{9E9074BE-FE06-4F7C-B2AD-C286FE3FCFA1}.Release|Any CPU.Build.0 = Release|Any CPU
		{FFB904E8-EA39-4C13-BACB-426770D347FF}.Debug|Any CPU.ActiveCfg = Debug|Any CPU
		{FFB904E8-EA39-4C13-BACB-426770D347FF}.Debug|Any CPU.Build.0 = Debug|Any CPU
		{FFB904E8-EA39-4C13-BACB-426770D347FF}.Release|Any CPU.ActiveCfg = Release|Any CPU
		{FFB904E8-EA39-4C13-BACB-426770D347FF}.Release|Any CPU.Build.0 = Release|Any CPU
		{54E8FDDE-B6EF-4033-AC13-3EA332FB28A4}.Debug|Any CPU.ActiveCfg = Debug|Any CPU
		{54E8FDDE-B6EF-4033-AC13-3EA332FB28A4}.Debug|Any CPU.Build.0 = Debug|Any CPU
		{54E8FDDE-B6EF-4033-AC13-3EA332FB28A4}.Release|Any CPU.ActiveCfg = Release|Any CPU
		{54E8FDDE-B6EF-4033-AC13-3EA332FB28A4}.Release|Any CPU.Build.0 = Release|Any CPU
		{517BD50A-6FF3-4913-87AC-4A6D9B5EDACE}.Debug|Any CPU.ActiveCfg = Debug|Any CPU
		{517BD50A-6FF3-4913-87AC-4A6D9B5EDACE}.Debug|Any CPU.Build.0 = Debug|Any CPU
		{517BD50A-6FF3-4913-87AC-4A6D9B5EDACE}.Release|Any CPU.ActiveCfg = Release|Any CPU
		{517BD50A-6FF3-4913-87AC-4A6D9B5EDACE}.Release|Any CPU.Build.0 = Release|Any CPU
		{38EAA0C3-8B8E-41B3-AFAD-F36E170FE9FA}.Debug|Any CPU.ActiveCfg = Debug|Any CPU
		{38EAA0C3-8B8E-41B3-AFAD-F36E170FE9FA}.Debug|Any CPU.Build.0 = Debug|Any CPU
		{38EAA0C3-8B8E-41B3-AFAD-F36E170FE9FA}.Release|Any CPU.ActiveCfg = Release|Any CPU
		{38EAA0C3-8B8E-41B3-AFAD-F36E170FE9FA}.Release|Any CPU.Build.0 = Release|Any CPU
		{A5895BBA-AD6F-41AA-8F05-A17B305C7116}.Debug|Any CPU.ActiveCfg = Debug|Any CPU
		{A5895BBA-AD6F-41AA-8F05-A17B305C7116}.Debug|Any CPU.Build.0 = Debug|Any CPU
		{A5895BBA-AD6F-41AA-8F05-A17B305C7116}.Release|Any CPU.ActiveCfg = Release|Any CPU
		{A5895BBA-AD6F-41AA-8F05-A17B305C7116}.Release|Any CPU.Build.0 = Release|Any CPU
		{68EB6A98-BFF2-4F02-8C9E-E9A0C45D6061}.Debug|Any CPU.ActiveCfg = Debug|Any CPU
		{68EB6A98-BFF2-4F02-8C9E-E9A0C45D6061}.Debug|Any CPU.Build.0 = Debug|Any CPU
		{68EB6A98-BFF2-4F02-8C9E-E9A0C45D6061}.Release|Any CPU.ActiveCfg = Release|Any CPU
		{68EB6A98-BFF2-4F02-8C9E-E9A0C45D6061}.Release|Any CPU.Build.0 = Release|Any CPU
		{4D47CECA-CA9B-48B4-A74B-50360BA84A42}.Debug|Any CPU.ActiveCfg = Debug|Any CPU
		{4D47CECA-CA9B-48B4-A74B-50360BA84A42}.Debug|Any CPU.Build.0 = Debug|Any CPU
		{4D47CECA-CA9B-48B4-A74B-50360BA84A42}.Release|Any CPU.ActiveCfg = Release|Any CPU
		{4D47CECA-CA9B-48B4-A74B-50360BA84A42}.Release|Any CPU.Build.0 = Release|Any CPU
		{5D834753-BFF4-4EFC-BBCB-67100F51FAEF}.Debug|Any CPU.ActiveCfg = Debug|Any CPU
		{5D834753-BFF4-4EFC-BBCB-67100F51FAEF}.Debug|Any CPU.Build.0 = Debug|Any CPU
		{5D834753-BFF4-4EFC-BBCB-67100F51FAEF}.Release|Any CPU.ActiveCfg = Release|Any CPU
		{5D834753-BFF4-4EFC-BBCB-67100F51FAEF}.Release|Any CPU.Build.0 = Release|Any CPU
		{7EFA9347-8592-41C5-A8B3-C4509B1F0867}.Debug|Any CPU.ActiveCfg = Debug|Any CPU
		{7EFA9347-8592-41C5-A8B3-C4509B1F0867}.Debug|Any CPU.Build.0 = Debug|Any CPU
		{7EFA9347-8592-41C5-A8B3-C4509B1F0867}.Release|Any CPU.ActiveCfg = Release|Any CPU
		{7EFA9347-8592-41C5-A8B3-C4509B1F0867}.Release|Any CPU.Build.0 = Release|Any CPU
		{E4BFC0E9-850A-4454-B602-3EFD257E1FBD}.Debug|Any CPU.ActiveCfg = Debug|Any CPU
		{E4BFC0E9-850A-4454-B602-3EFD257E1FBD}.Debug|Any CPU.Build.0 = Debug|Any CPU
		{E4BFC0E9-850A-4454-B602-3EFD257E1FBD}.Release|Any CPU.ActiveCfg = Release|Any CPU
		{E4BFC0E9-850A-4454-B602-3EFD257E1FBD}.Release|Any CPU.Build.0 = Release|Any CPU
		{2301F0D4-BABE-4D47-8375-E1EC9BDD13A5}.Debug|Any CPU.ActiveCfg = Debug|Any CPU
		{2301F0D4-BABE-4D47-8375-E1EC9BDD13A5}.Debug|Any CPU.Build.0 = Debug|Any CPU
		{2301F0D4-BABE-4D47-8375-E1EC9BDD13A5}.Release|Any CPU.ActiveCfg = Release|Any CPU
		{2301F0D4-BABE-4D47-8375-E1EC9BDD13A5}.Release|Any CPU.Build.0 = Release|Any CPU
	EndGlobalSection
	GlobalSection(SolutionProperties) = preSolution
		HideSolutionNode = FALSE
	EndGlobalSection
	GlobalSection(ExtensibilityGlobals) = postSolution
		SolutionGuid = {BC26567B-67E5-423B-9CFB-E7790BD40A39}
	EndGlobalSection
EndGlobal
